
Microsoft Visual Studio Solution File, Format Version 12.00
Project("{FAE04EC0-301F-11D3-BF4B-00C04F79EFBC}") = "Geonorge.FeedReader", "Geonorge.FeedReader\Geonorge.FeedReader.csproj", "{A221C70A-1322-4C2C-BB72-8F80984D0AE4}"
EndProject
Project("{FAE04EC0-301F-11D3-BF4B-00C04F79EFBC}") = "Geonorge.FeedReader.Tests", "Geonorge.FeedReader.Tests\Geonorge.FeedReader.Tests.csproj", "{C08B8174-BC27-43B5-AA92-7D1148952C56}"
EndProject
Project("{FAE04EC0-301F-11D3-BF4B-00C04F79EFBC}") = "Geonorge.FeedReader.ConsoleAppSample", "Geonorge.FeedReader.ConsoleAppSample\Geonorge.FeedReader.ConsoleAppSample.csproj", "{9AAD895D-E3A2-4FA7-8BD8-EC62F983EF10}"
EndProject
Global
	GlobalSection(SolutionConfigurationPlatforms) = preSolution
		Debug|Any CPU = Debug|Any CPU
		Release|Any CPU = Release|Any CPU
	EndGlobalSection
	GlobalSection(ProjectConfigurationPlatforms) = postSolution
		{A221C70A-1322-4C2C-BB72-8F80984D0AE4}.Debug|Any CPU.ActiveCfg = Debug|Any CPU
		{A221C70A-1322-4C2C-BB72-8F80984D0AE4}.Debug|Any CPU.Build.0 = Debug|Any CPU
		{A221C70A-1322-4C2C-BB72-8F80984D0AE4}.Release|Any CPU.ActiveCfg = Release|Any CPU
		{A221C70A-1322-4C2C-BB72-8F80984D0AE4}.Release|Any CPU.Build.0 = Release|Any CPU
		{C08B8174-BC27-43B5-AA92-7D1148952C56}.Debug|Any CPU.ActiveCfg = Debug|Any CPU
		{C08B8174-BC27-43B5-AA92-7D1148952C56}.Debug|Any CPU.Build.0 = Debug|Any CPU
		{C08B8174-BC27-43B5-AA92-7D1148952C56}.Release|Any CPU.ActiveCfg = Release|Any CPU
		{C08B8174-BC27-43B5-AA92-7D1148952C56}.Release|Any CPU.Build.0 = Release|Any CPU
		{9AAD895D-E3A2-4FA7-8BD8-EC62F983EF10}.Debug|Any CPU.ActiveCfg = Debug|Any CPU
		{9AAD895D-E3A2-4FA7-8BD8-EC62F983EF10}.Debug|Any CPU.Build.0 = Debug|Any CPU
		{9AAD895D-E3A2-4FA7-8BD8-EC62F983EF10}.Release|Any CPU.ActiveCfg = Release|Any CPU
		{9AAD895D-E3A2-4FA7-8BD8-EC62F983EF10}.Release|Any CPU.Build.0 = Release|Any CPU
	EndGlobalSection
EndGlobal
